
Microsoft Visual Studio Solution File, Format Version 12.00
# Visual Studio Version 17
VisualStudioVersion = 17.2.32516.85
MinimumVisualStudioVersion = 10.0.40219.1
Project("{FAE04EC0-301F-11D3-BF4B-00C04F79EFBC}") = "Bankapp", "Bankapp\Bankapp.csproj", "{ECF5CD67-A635-429D-BAA8-7D1B8BBBEA21}"
EndProject
Global
	GlobalSection(SolutionConfigurationPlatforms) = preSolution
		Debug|Any CPU = Debug|Any CPU
		Release|Any CPU = Release|Any CPU
	EndGlobalSection
	GlobalSection(ProjectConfigurationPlatforms) = postSolution
		{ECF5CD67-A635-429D-BAA8-7D1B8BBBEA21}.Debug|Any CPU.ActiveCfg = Debug|Any CPU
		{ECF5CD67-A635-429D-BAA8-7D1B8BBBEA21}.Debug|Any CPU.Build.0 = Debug|Any CPU
		{ECF5CD67-A635-429D-BAA8-7D1B8BBBEA21}.Release|Any CPU.ActiveCfg = Release|Any CPU
		{ECF5CD67-A635-429D-BAA8-7D1B8BBBEA21}.Release|Any CPU.Build.0 = Release|Any CPU
	EndGlobalSection
	GlobalSection(SolutionProperties) = preSolution
		HideSolutionNode = FALSE
	EndGlobalSection
	GlobalSection(ExtensibilityGlobals) = postSolution
		SolutionGuid = {2688CE88-FA1E-47DA-8E83-3CDCE1B791A5}
	EndGlobalSection
EndGlobal
